// !$*UTF8*$!
{
	archiveVersion = 1;
	classes = {
	};
	objectVersion = 46;
	objects = {

/* Begin PBXBuildFile section */
		49273EFB19E5AC0E003E8B24 /* main.m in Sources */ = {isa = PBXBuildFile; fileRef = 49273EFA19E5AC0E003E8B24 /* main.m */; };
		49273EFE19E5AC0E003E8B24 /* AppDelegate.m in Sources */ = {isa = PBXBuildFile; fileRef = 49273EFD19E5AC0E003E8B24 /* AppDelegate.m */; };
		49273F0119E5AC0E003E8B24 /* PocketScript.xcdatamodeld in Sources */ = {isa = PBXBuildFile; fileRef = 49273EFF19E5AC0E003E8B24 /* PocketScript.xcdatamodeld */; };
		49273F0719E5AC0F003E8B24 /* Main.storyboard in Resources */ = {isa = PBXBuildFile; fileRef = 49273F0519E5AC0F003E8B24 /* Main.storyboard */; };
		49273F0919E5AC0F003E8B24 /* Images.xcassets in Resources */ = {isa = PBXBuildFile; fileRef = 49273F0819E5AC0F003E8B24 /* Images.xcassets */; };
		49273F0C19E5AC0F003E8B24 /* LaunchScreen.xib in Resources */ = {isa = PBXBuildFile; fileRef = 49273F0A19E5AC0F003E8B24 /* LaunchScreen.xib */; };
		49273F1819E5AC0F003E8B24 /* PocketScriptTests.m in Sources */ = {isa = PBXBuildFile; fileRef = 49273F1719E5AC0F003E8B24 /* PocketScriptTests.m */; };
		49273F2319E5AFD5003E8B24 /* PSNewRxViewController.m in Sources */ = {isa = PBXBuildFile; fileRef = 49273F2219E5AFD5003E8B24 /* PSNewRxViewController.m */; };
		49273F2919E5B054003E8B24 /* PSAccountViewController.m in Sources */ = {isa = PBXBuildFile; fileRef = 49273F2819E5B054003E8B24 /* PSAccountViewController.m */; };
		49273F2C19E5B068003E8B24 /* PSRxHistoryTableViewController.m in Sources */ = {isa = PBXBuildFile; fileRef = 49273F2B19E5B068003E8B24 /* PSRxHistoryTableViewController.m */; };
		4993DBED19FA4CC600ED33CA /* PSWebRequestHelper.m in Sources */ = {isa = PBXBuildFile; fileRef = 4993DBEC19FA4CC600ED33CA /* PSWebRequestHelper.m */; };
		49E092C419E5BAF200D79B0C /* RxOrder.m in Sources */ = {isa = PBXBuildFile; fileRef = 49E092C319E5BAF200D79B0C /* RxOrder.m */; };
		49E092C719E5BFCA00D79B0C /* PSRxOrderDetailViewController.m in Sources */ = {isa = PBXBuildFile; fileRef = 49E092C619E5BFCA00D79B0C /* PSRxOrderDetailViewController.m */; };
/* End PBXBuildFile section */

/* Begin PBXContainerItemProxy section */
		49273F1219E5AC0F003E8B24 /* PBXContainerItemProxy */ = {
			isa = PBXContainerItemProxy;
			containerPortal = 49273EED19E5AC0E003E8B24 /* Project object */;
			proxyType = 1;
			remoteGlobalIDString = 49273EF419E5AC0E003E8B24;
			remoteInfo = PocketScript;
		};
/* End PBXContainerItemProxy section */

/* Begin PBXFileReference section */
		49273EF519E5AC0E003E8B24 /* PocketScript.app */ = {isa = PBXFileReference; explicitFileType = wrapper.application; includeInIndex = 0; path = PocketScript.app; sourceTree = BUILT_PRODUCTS_DIR; };
		49273EF919E5AC0E003E8B24 /* Info.plist */ = {isa = PBXFileReference; lastKnownFileType = text.plist.xml; path = Info.plist; sourceTree = "<group>"; };
		49273EFA19E5AC0E003E8B24 /* main.m */ = {isa = PBXFileReference; lastKnownFileType = sourcecode.c.objc; path = main.m; sourceTree = "<group>"; };
		49273EFC19E5AC0E003E8B24 /* AppDelegate.h */ = {isa = PBXFileReference; lastKnownFileType = sourcecode.c.h; path = AppDelegate.h; sourceTree = "<group>"; };
		49273EFD19E5AC0E003E8B24 /* AppDelegate.m */ = {isa = PBXFileReference; lastKnownFileType = sourcecode.c.objc; path = AppDelegate.m; sourceTree = "<group>"; };
		49273F0019E5AC0E003E8B24 /* PocketScript.xcdatamodel */ = {isa = PBXFileReference; lastKnownFileType = wrapper.xcdatamodel; path = PocketScript.xcdatamodel; sourceTree = "<group>"; };
		49273F0619E5AC0F003E8B24 /* Base */ = {isa = PBXFileReference; lastKnownFileType = file.storyboard; name = Base; path = Base.lproj/Main.storyboard; sourceTree = "<group>"; };
		49273F0819E5AC0F003E8B24 /* Images.xcassets */ = {isa = PBXFileReference; lastKnownFileType = folder.assetcatalog; path = Images.xcassets; sourceTree = "<group>"; };
		49273F0B19E5AC0F003E8B24 /* Base */ = {isa = PBXFileReference; lastKnownFileType = file.xib; name = Base; path = Base.lproj/LaunchScreen.xib; sourceTree = "<group>"; };
		49273F1119E5AC0F003E8B24 /* PocketScriptTests.xctest */ = {isa = PBXFileReference; explicitFileType = wrapper.cfbundle; includeInIndex = 0; path = PocketScriptTests.xctest; sourceTree = BUILT_PRODUCTS_DIR; };
		49273F1619E5AC0F003E8B24 /* Info.plist */ = {isa = PBXFileReference; lastKnownFileType = text.plist.xml; path = Info.plist; sourceTree = "<group>"; };
		49273F1719E5AC0F003E8B24 /* PocketScriptTests.m */ = {isa = PBXFileReference; lastKnownFileType = sourcecode.c.objc; path = PocketScriptTests.m; sourceTree = "<group>"; };
		49273F2119E5AFD5003E8B24 /* PSNewRxViewController.h */ = {isa = PBXFileReference; fileEncoding = 4; lastKnownFileType = sourcecode.c.h; path = PSNewRxViewController.h; sourceTree = "<group>"; };
		49273F2219E5AFD5003E8B24 /* PSNewRxViewController.m */ = {isa = PBXFileReference; fileEncoding = 4; lastKnownFileType = sourcecode.c.objc; path = PSNewRxViewController.m; sourceTree = "<group>"; };
		49273F2719E5B054003E8B24 /* PSAccountViewController.h */ = {isa = PBXFileReference; fileEncoding = 4; lastKnownFileType = sourcecode.c.h; path = PSAccountViewController.h; sourceTree = "<group>"; };
		49273F2819E5B054003E8B24 /* PSAccountViewController.m */ = {isa = PBXFileReference; fileEncoding = 4; lastKnownFileType = sourcecode.c.objc; path = PSAccountViewController.m; sourceTree = "<group>"; };
		49273F2A19E5B068003E8B24 /* PSRxHistoryTableViewController.h */ = {isa = PBXFileReference; fileEncoding = 4; lastKnownFileType = sourcecode.c.h; path = PSRxHistoryTableViewController.h; sourceTree = "<group>"; };
		49273F2B19E5B068003E8B24 /* PSRxHistoryTableViewController.m */ = {isa = PBXFileReference; fileEncoding = 4; lastKnownFileType = sourcecode.c.objc; path = PSRxHistoryTableViewController.m; sourceTree = "<group>"; };
		4993DBEB19FA4CC600ED33CA /* PSWebRequestHelper.h */ = {isa = PBXFileReference; fileEncoding = 4; lastKnownFileType = sourcecode.c.h; path = PSWebRequestHelper.h; sourceTree = "<group>"; };
		4993DBEC19FA4CC600ED33CA /* PSWebRequestHelper.m */ = {isa = PBXFileReference; fileEncoding = 4; lastKnownFileType = sourcecode.c.objc; path = PSWebRequestHelper.m; sourceTree = "<group>"; };
		49E092C219E5BAF200D79B0C /* RxOrder.h */ = {isa = PBXFileReference; fileEncoding = 4; lastKnownFileType = sourcecode.c.h; path = RxOrder.h; sourceTree = "<group>"; };
		49E092C319E5BAF200D79B0C /* RxOrder.m */ = {isa = PBXFileReference; fileEncoding = 4; lastKnownFileType = sourcecode.c.objc; path = RxOrder.m; sourceTree = "<group>"; };
		49E092C519E5BFCA00D79B0C /* PSRxOrderDetailViewController.h */ = {isa = PBXFileReference; fileEncoding = 4; lastKnownFileType = sourcecode.c.h; path = PSRxOrderDetailViewController.h; sourceTree = "<group>"; };
		49E092C619E5BFCA00D79B0C /* PSRxOrderDetailViewController.m */ = {isa = PBXFileReference; fileEncoding = 4; lastKnownFileType = sourcecode.c.objc; path = PSRxOrderDetailViewController.m; sourceTree = "<group>"; };
/* End PBXFileReference section */

/* Begin PBXFrameworksBuildPhase section */
		49273EF219E5AC0E003E8B24 /* Frameworks */ = {
			isa = PBXFrameworksBuildPhase;
			buildActionMask = 2147483647;
			files = (
			);
			runOnlyForDeploymentPostprocessing = 0;
		};
		49273F0E19E5AC0F003E8B24 /* Frameworks */ = {
			isa = PBXFrameworksBuildPhase;
			buildActionMask = 2147483647;
			files = (
			);
			runOnlyForDeploymentPostprocessing = 0;
		};
/* End PBXFrameworksBuildPhase section */

/* Begin PBXGroup section */
		49273EEC19E5AC0E003E8B24 = {
			isa = PBXGroup;
			children = (
				49273EF719E5AC0E003E8B24 /* PocketScript */,
				49273F1419E5AC0F003E8B24 /* PocketScriptTests */,
				49273EF619E5AC0E003E8B24 /* Products */,
			);
			sourceTree = "<group>";
		};
		49273EF619E5AC0E003E8B24 /* Products */ = {
			isa = PBXGroup;
			children = (
				49273EF519E5AC0E003E8B24 /* PocketScript.app */,
				49273F1119E5AC0F003E8B24 /* PocketScriptTests.xctest */,
			);
			name = Products;
			sourceTree = "<group>";
		};
		49273EF719E5AC0E003E8B24 /* PocketScript */ = {
			isa = PBXGroup;
			children = (
				49273EFC19E5AC0E003E8B24 /* AppDelegate.h */,
				49273EFD19E5AC0E003E8B24 /* AppDelegate.m */,
				49273F2A19E5B068003E8B24 /* PSRxHistoryTableViewController.h */,
				49273F2B19E5B068003E8B24 /* PSRxHistoryTableViewController.m */,
				49273F2119E5AFD5003E8B24 /* PSNewRxViewController.h */,
				49273F2219E5AFD5003E8B24 /* PSNewRxViewController.m */,
				49E092C519E5BFCA00D79B0C /* PSRxOrderDetailViewController.h */,
				49E092C619E5BFCA00D79B0C /* PSRxOrderDetailViewController.m */,
				49273F2719E5B054003E8B24 /* PSAccountViewController.h */,
				49273F2819E5B054003E8B24 /* PSAccountViewController.m */,
				4993DBEB19FA4CC600ED33CA /* PSWebRequestHelper.h */,
				4993DBEC19FA4CC600ED33CA /* PSWebRequestHelper.m */,
				49E092C219E5BAF200D79B0C /* RxOrder.h */,
				49E092C319E5BAF200D79B0C /* RxOrder.m */,
				49273F0519E5AC0F003E8B24 /* Main.storyboard */,
				49273F0819E5AC0F003E8B24 /* Images.xcassets */,
				49273F0A19E5AC0F003E8B24 /* LaunchScreen.xib */,
				49273EFF19E5AC0E003E8B24 /* PocketScript.xcdatamodeld */,
				49273EF819E5AC0E003E8B24 /* Supporting Files */,
			);
			path = PocketScript;
			sourceTree = "<group>";
		};
		49273EF819E5AC0E003E8B24 /* Supporting Files */ = {
			isa = PBXGroup;
			children = (
				49273EF919E5AC0E003E8B24 /* Info.plist */,
				49273EFA19E5AC0E003E8B24 /* main.m */,
			);
			name = "Supporting Files";
			sourceTree = "<group>";
		};
		49273F1419E5AC0F003E8B24 /* PocketScriptTests */ = {
			isa = PBXGroup;
			children = (
				49273F1719E5AC0F003E8B24 /* PocketScriptTests.m */,
				49273F1519E5AC0F003E8B24 /* Supporting Files */,
			);
			path = PocketScriptTests;
			sourceTree = "<group>";
		};
		49273F1519E5AC0F003E8B24 /* Supporting Files */ = {
			isa = PBXGroup;
			children = (
				49273F1619E5AC0F003E8B24 /* Info.plist */,
			);
			name = "Supporting Files";
			sourceTree = "<group>";
		};
/* End PBXGroup section */

/* Begin PBXNativeTarget section */
		49273EF419E5AC0E003E8B24 /* PocketScript */ = {
			isa = PBXNativeTarget;
			buildConfigurationList = 49273F1B19E5AC0F003E8B24 /* Build configuration list for PBXNativeTarget "PocketScript" */;
			buildPhases = (
				49273EF119E5AC0E003E8B24 /* Sources */,
				49273EF219E5AC0E003E8B24 /* Frameworks */,
				49273EF319E5AC0E003E8B24 /* Resources */,
			);
			buildRules = (
			);
			dependencies = (
			);
			name = PocketScript;
			productName = PocketScript;
			productReference = 49273EF519E5AC0E003E8B24 /* PocketScript.app */;
			productType = "com.apple.product-type.application";
		};
		49273F1019E5AC0F003E8B24 /* PocketScriptTests */ = {
			isa = PBXNativeTarget;
			buildConfigurationList = 49273F1E19E5AC0F003E8B24 /* Build configuration list for PBXNativeTarget "PocketScriptTests" */;
			buildPhases = (
				49273F0D19E5AC0F003E8B24 /* Sources */,
				49273F0E19E5AC0F003E8B24 /* Frameworks */,
				49273F0F19E5AC0F003E8B24 /* Resources */,
			);
			buildRules = (
			);
			dependencies = (
				49273F1319E5AC0F003E8B24 /* PBXTargetDependency */,
			);
			name = PocketScriptTests;
			productName = PocketScriptTests;
			productReference = 49273F1119E5AC0F003E8B24 /* PocketScriptTests.xctest */;
			productType = "com.apple.product-type.bundle.unit-test";
		};
/* End PBXNativeTarget section */

/* Begin PBXProject section */
		49273EED19E5AC0E003E8B24 /* Project object */ = {
			isa = PBXProject;
			attributes = {
				LastUpgradeCheck = 0600;
				ORGANIZATIONNAME = "Andrew Brandt";
				TargetAttributes = {
					49273EF419E5AC0E003E8B24 = {
						CreatedOnToolsVersion = 6.0.1;
					};
					49273F1019E5AC0F003E8B24 = {
						CreatedOnToolsVersion = 6.0.1;
						TestTargetID = 49273EF419E5AC0E003E8B24;
					};
				};
			};
			buildConfigurationList = 49273EF019E5AC0E003E8B24 /* Build configuration list for PBXProject "PocketScript" */;
			compatibilityVersion = "Xcode 3.2";
			developmentRegion = English;
			hasScannedForEncodings = 0;
			knownRegions = (
				en,
				Base,
			);
			mainGroup = 49273EEC19E5AC0E003E8B24;
			productRefGroup = 49273EF619E5AC0E003E8B24 /* Products */;
			projectDirPath = "";
			projectRoot = "";
			targets = (
				49273EF419E5AC0E003E8B24 /* PocketScript */,
				49273F1019E5AC0F003E8B24 /* PocketScriptTests */,
			);
		};
/* End PBXProject section */

/* Begin PBXResourcesBuildPhase section */
		49273EF319E5AC0E003E8B24 /* Resources */ = {
			isa = PBXResourcesBuildPhase;
			buildActionMask = 2147483647;
			files = (
				49273F0719E5AC0F003E8B24 /* Main.storyboard in Resources */,
				49273F0C19E5AC0F003E8B24 /* LaunchScreen.xib in Resources */,
				49273F0919E5AC0F003E8B24 /* Images.xcassets in Resources */,
			);
			runOnlyForDeploymentPostprocessing = 0;
		};
		49273F0F19E5AC0F003E8B24 /* Resources */ = {
			isa = PBXResourcesBuildPhase;
			buildActionMask = 2147483647;
			files = (
			);
			runOnlyForDeploymentPostprocessing = 0;
		};
/* End PBXResourcesBuildPhase section */

/* Begin PBXSourcesBuildPhase section */
		49273EF119E5AC0E003E8B24 /* Sources */ = {
			isa = PBXSourcesBuildPhase;
			buildActionMask = 2147483647;
			files = (
				49273F2319E5AFD5003E8B24 /* PSNewRxViewController.m in Sources */,
				49273EFE19E5AC0E003E8B24 /* AppDelegate.m in Sources */,
				49273F2C19E5B068003E8B24 /* PSRxHistoryTableViewController.m in Sources */,
				49273F2919E5B054003E8B24 /* PSAccountViewController.m in Sources */,
				49273EFB19E5AC0E003E8B24 /* main.m in Sources */,
				49E092C719E5BFCA00D79B0C /* PSRxOrderDetailViewController.m in Sources */,
				49273F0119E5AC0E003E8B24 /* PocketScript.xcdatamodeld in Sources */,
				49E092C419E5BAF200D79B0C /* RxOrder.m in Sources */,
				4993DBED19FA4CC600ED33CA /* PSWebRequestHelper.m in Sources */,
			);
			runOnlyForDeploymentPostprocessing = 0;
		};
		49273F0D19E5AC0F003E8B24 /* Sources */ = {
			isa = PBXSourcesBuildPhase;
			buildActionMask = 2147483647;
			files = (
				49273F1819E5AC0F003E8B24 /* PocketScriptTests.m in Sources */,
			);
			runOnlyForDeploymentPostprocessing = 0;
		};
/* End PBXSourcesBuildPhase section */

/* Begin PBXTargetDependency section */
		49273F1319E5AC0F003E8B24 /* PBXTargetDependency */ = {
			isa = PBXTargetDependency;
			target = 49273EF419E5AC0E003E8B24 /* PocketScript */;
			targetProxy = 49273F1219E5AC0F003E8B24 /* PBXContainerItemProxy */;
		};
/* End PBXTargetDependency section */

/* Begin PBXVariantGroup section */
		49273F0519E5AC0F003E8B24 /* Main.storyboard */ = {
			isa = PBXVariantGroup;
			children = (
				49273F0619E5AC0F003E8B24 /* Base */,
			);
			name = Main.storyboard;
			sourceTree = "<group>";
		};
		49273F0A19E5AC0F003E8B24 /* LaunchScreen.xib */ = {
			isa = PBXVariantGroup;
			children = (
				49273F0B19E5AC0F003E8B24 /* Base */,
			);
			name = LaunchScreen.xib;
			sourceTree = "<group>";
		};
/* End PBXVariantGroup section */

/* Begin XCBuildConfiguration section */
		49273F1919E5AC0F003E8B24 /* Debug */ = {
			isa = XCBuildConfiguration;
			buildSettings = {
				ALWAYS_SEARCH_USER_PATHS = NO;
				CLANG_CXX_LANGUAGE_STANDARD = "gnu++0x";
				CLANG_CXX_LIBRARY = "libc++";
				CLANG_ENABLE_MODULES = YES;
				CLANG_ENABLE_OBJC_ARC = YES;
				CLANG_WARN_BOOL_CONVERSION = YES;
				CLANG_WARN_CONSTANT_CONVERSION = YES;
				CLANG_WARN_DIRECT_OBJC_ISA_USAGE = YES_ERROR;
				CLANG_WARN_EMPTY_BODY = YES;
				CLANG_WARN_ENUM_CONVERSION = YES;
				CLANG_WARN_INT_CONVERSION = YES;
				CLANG_WARN_OBJC_ROOT_CLASS = YES_ERROR;
				CLANG_WARN_UNREACHABLE_CODE = YES;
				CLANG_WARN__DUPLICATE_METHOD_MATCH = YES;
				"CODE_SIGN_IDENTITY[sdk=iphoneos*]" = "iPhone Developer";
				COPY_PHASE_STRIP = NO;
				ENABLE_STRICT_OBJC_MSGSEND = YES;
				GCC_C_LANGUAGE_STANDARD = gnu99;
				GCC_DYNAMIC_NO_PIC = NO;
				GCC_OPTIMIZATION_LEVEL = 0;
				GCC_PREPROCESSOR_DEFINITIONS = (
					"DEBUG=1",
					"$(inherited)",
				);
				GCC_SYMBOLS_PRIVATE_EXTERN = NO;
				GCC_WARN_64_TO_32_BIT_CONVERSION = YES;
				GCC_WARN_ABOUT_RETURN_TYPE = YES_ERROR;
				GCC_WARN_UNDECLARED_SELECTOR = YES;
				GCC_WARN_UNINITIALIZED_AUTOS = YES_AGGRESSIVE;
				GCC_WARN_UNUSED_FUNCTION = YES;
				GCC_WARN_UNUSED_VARIABLE = YES;
				IPHONEOS_DEPLOYMENT_TARGET = 8.0;
				MTL_ENABLE_DEBUG_INFO = YES;
				ONLY_ACTIVE_ARCH = YES;
				SDKROOT = iphoneos;
				TARGETED_DEVICE_FAMILY = "1,2";
			};
			name = Debug;
		};
		49273F1A19E5AC0F003E8B24 /* Release */ = {
			isa = XCBuildConfiguration;
			buildSettings = {
				ALWAYS_SEARCH_USER_PATHS = NO;
				CLANG_CXX_LANGUAGE_STANDARD = "gnu++0x";
				CLANG_CXX_LIBRARY = "libc++";
				CLANG_ENABLE_MODULES = YES;
				CLANG_ENABLE_OBJC_ARC = YES;
				CLANG_WARN_BOOL_CONVERSION = YES;
				CLANG_WARN_CONSTANT_CONVERSION = YES;
				CLANG_WARN_DIRECT_OBJC_ISA_USAGE = YES_ERROR;
				CLANG_WARN_EMPTY_BODY = YES;
				CLANG_WARN_ENUM_CONVERSION = YES;
				CLANG_WARN_INT_CONVERSION = YES;
				CLANG_WARN_OBJC_ROOT_CLASS = YES_ERROR;
				CLANG_WARN_UNREACHABLE_CODE = YES;
				CLANG_WARN__DUPLICATE_METHOD_MATCH = YES;
				"CODE_SIGN_IDENTITY[sdk=iphoneos*]" = "iPhone Developer";
				COPY_PHASE_STRIP = YES;
				ENABLE_NS_ASSERTIONS = NO;
				ENABLE_STRICT_OBJC_MSGSEND = YES;
				GCC_C_LANGUAGE_STANDARD = gnu99;
				GCC_WARN_64_TO_32_BIT_CONVERSION = YES;
				GCC_WARN_ABOUT_RETURN_TYPE = YES_ERROR;
				GCC_WARN_UNDECLARED_SELECTOR = YES;
				GCC_WARN_UNINITIALIZED_AUTOS = YES_AGGRESSIVE;
				GCC_WARN_UNUSED_FUNCTION = YES;
				GCC_WARN_UNUSED_VARIABLE = YES;
				IPHONEOS_DEPLOYMENT_TARGET = 8.0;
				MTL_ENABLE_DEBUG_INFO = NO;
				SDKROOT = iphoneos;
				TARGETED_DEVICE_FAMILY = "1,2";
				VALIDATE_PRODUCT = YES;
			};
			name = Release;
		};
		49273F1C19E5AC0F003E8B24 /* Debug */ = {
			isa = XCBuildConfiguration;
			buildSettings = {
				ASSETCATALOG_COMPILER_APPICON_NAME = AppIcon;
				INFOPLIST_FILE = PocketScript/Info.plist;
				LD_RUNPATH_SEARCH_PATHS = "$(inherited) @executable_path/Frameworks";
				PRODUCT_NAME = "$(TARGET_NAME)";
			};
			name = Debug;
		};
		49273F1D19E5AC0F003E8B24 /* Release */ = {
			isa = XCBuildConfiguration;
			buildSettings = {
				ASSETCATALOG_COMPILER_APPICON_NAME = AppIcon;
				INFOPLIST_FILE = PocketScript/Info.plist;
				LD_RUNPATH_SEARCH_PATHS = "$(inherited) @executable_path/Frameworks";
				PRODUCT_NAME = "$(TARGET_NAME)";
			};
			name = Release;
		};
		49273F1F19E5AC0F003E8B24 /* Debug */ = {
			isa = XCBuildConfiguration;
			buildSettings = {
				BUNDLE_LOADER = "$(TEST_HOST)";
				FRAMEWORK_SEARCH_PATHS = (
					"$(SDKROOT)/Developer/Library/Frameworks",
					"$(inherited)",
				);
				GCC_PREPROCESSOR_DEFINITIONS = (
					"DEBUG=1",
					"$(inherited)",
				);
				INFOPLIST_FILE = PocketScriptTests/Info.plist;
				LD_RUNPATH_SEARCH_PATHS = "$(inherited) @executable_path/Frameworks @loader_path/Frameworks";
				PRODUCT_NAME = "$(TARGET_NAME)";
				TEST_HOST = "$(BUILT_PRODUCTS_DIR)/PocketScript.app/PocketScript";
			};
			name = Debug;
		};
		49273F2019E5AC0F003E8B24 /* Release */ = {
			isa = XCBuildConfiguration;
			buildSettings = {
				BUNDLE_LOADER = "$(TEST_HOST)";
				FRAMEWORK_SEARCH_PATHS = (
					"$(SDKROOT)/Developer/Library/Frameworks",
					"$(inherited)",
				);
				INFOPLIST_FILE = PocketScriptTests/Info.plist;
				LD_RUNPATH_SEARCH_PATHS = "$(inherited) @executable_path/Frameworks @loader_path/Frameworks";
				PRODUCT_NAME = "$(TARGET_NAME)";
				TEST_HOST = "$(BUILT_PRODUCTS_DIR)/PocketScript.app/PocketScript";
			};
			name = Release;
		};
/* End XCBuildConfiguration section */

/* Begin XCConfigurationList section */
		49273EF019E5AC0E003E8B24 /* Build configuration list for PBXProject "PocketScript" */ = {
			isa = XCConfigurationList;
			buildConfigurations = (
				49273F1919E5AC0F003E8B24 /* Debug */,
				49273F1A19E5AC0F003E8B24 /* Release */,
			);
			defaultConfigurationIsVisible = 0;
			defaultConfigurationName = Release;
		};
		49273F1B19E5AC0F003E8B24 /* Build configuration list for PBXNativeTarget "PocketScript" */ = {
			isa = XCConfigurationList;
			buildConfigurations = (
				49273F1C19E5AC0F003E8B24 /* Debug */,
				49273F1D19E5AC0F003E8B24 /* Release */,
			);
			defaultConfigurationIsVisible = 0;
			defaultConfigurationName = Release;
		};
		49273F1E19E5AC0F003E8B24 /* Build configuration list for PBXNativeTarget "PocketScriptTests" */ = {
			isa = XCConfigurationList;
			buildConfigurations = (
				49273F1F19E5AC0F003E8B24 /* Debug */,
				49273F2019E5AC0F003E8B24 /* Release */,
			);
			defaultConfigurationIsVisible = 0;
			defaultConfigurationName = Release;
		};
/* End XCConfigurationList section */

/* Begin XCVersionGroup section */
		49273EFF19E5AC0E003E8B24 /* PocketScript.xcdatamodeld */ = {
			isa = XCVersionGroup;
			children = (
				49273F0019E5AC0E003E8B24 /* PocketScript.xcdatamodel */,
			);
			currentVersion = 49273F0019E5AC0E003E8B24 /* PocketScript.xcdatamodel */;
			path = PocketScript.xcdatamodeld;
			sourceTree = "<group>";
			versionGroupType = wrapper.xcdatamodel;
		};
/* End XCVersionGroup section */
	};
	rootObject = 49273EED19E5AC0E003E8B24 /* Project object */;
}
